
Microsoft Visual Studio Solution File, Format Version 12.00
# Visual Studio Version 17
VisualStudioVersion = 17.5.33502.453
MinimumVisualStudioVersion = 10.0.40219.1
Project("{2150E333-8FDC-42A3-9474-1A3956D46DE8}") = "Internal", "Internal", "{D2B84AB8-4A1B-4ED4-8C0F-EA56E4A9213A}"
	ProjectSection(SolutionItems) = preProject
		Internal\.editorconfig = Internal\.editorconfig
	EndProjectSection
EndProject
Project("{2150E333-8FDC-42A3-9474-1A3956D46DE8}") = "Scripts", "Scripts", "{290BE636-79E7-462F-A98E-E8423F8744E7}"
EndProject
Project("{2150E333-8FDC-42A3-9474-1A3956D46DE8}") = "CompanionFiles", "CompanionFiles", "{9B32C20D-EA2E-4C80-A56E-D15852912013}"
EndProject
Project("{2150E333-8FDC-42A3-9474-1A3956D46DE8}") = "Skyline DataMiner", "Skyline DataMiner", "{E25B4198-E5CB-48DE-A776-7861A8668BA8}"
	ProjectSection(SolutionItems) = preProject
		CompanionFiles\Skyline DataMiner\AboutThisFolder.md = CompanionFiles\Skyline DataMiner\AboutThisFolder.md
	EndProjectSection
EndProject
Project("{2150E333-8FDC-42A3-9474-1A3956D46DE8}") = "Documentation", "Documentation", "{529E4655-BC93-4C7A-A1E6-77980FE36842}"
	ProjectSection(SolutionItems) = preProject
		Documentation\ABOUT.md = Documentation\ABOUT.md
		README.md = README.md
	EndProjectSection
EndProject
Project("{2150E333-8FDC-42A3-9474-1A3956D46DE8}") = "Tests", "Tests", "{F8938D60-51A0-4880-9CFC-19C66379BB5D}"
EndProject
Project("{2150E333-8FDC-42A3-9474-1A3956D46DE8}") = "Code Analysis", "Code Analysis", "{67BA54C8-DD43-4B63-A617-606B726CF683}"
	ProjectSection(SolutionItems) = preProject
		Internal\Code Analysis\qaction-debug.ruleset = Internal\Code Analysis\qaction-debug.ruleset
		Internal\Code Analysis\qaction-release.ruleset = Internal\Code Analysis\qaction-release.ruleset
		Internal\Code Analysis\stylecop.json = Internal\Code Analysis\stylecop.json
	EndProjectSection
EndProject
Project("{2150E333-8FDC-42A3-9474-1A3956D46DE8}") = "MetricsDataSource", "MetricsDataSource", "{7FFA31B9-485A-4DE0-B65E-98FEB6D1719B}"
	ProjectSection(SolutionItems) = preProject
		MetricsDataSource.xml = MetricsDataSource.xml
	EndProjectSection
EndProject
Project("{2150E333-8FDC-42A3-9474-1A3956D46DE8}") = "Actions", "Actions", "{DC0659E9-8F88-4B8A-9FD7-93DA6040FF2C}"
EndProject
Project("{9A19103F-16F7-4668-BE54-9A1E7A4F7556}") = "MetricsDataSource_1", "MetricsDataSource_1\MetricsDataSource_1.csproj", "{843AD4CD-9C7E-4B62-AC29-298E55174B85}"
EndProject
Global
	GlobalSection(SolutionConfigurationPlatforms) = preSolution
		Debug|Any CPU = Debug|Any CPU
		Release|Any CPU = Release|Any CPU
	EndGlobalSection
	GlobalSection(ProjectConfigurationPlatforms) = postSolution
		{843AD4CD-9C7E-4B62-AC29-298E55174B85}.Debug|Any CPU.ActiveCfg = Debug|Any CPU
		{843AD4CD-9C7E-4B62-AC29-298E55174B85}.Debug|Any CPU.Build.0 = Debug|Any CPU
		{843AD4CD-9C7E-4B62-AC29-298E55174B85}.Release|Any CPU.ActiveCfg = Release|Any CPU
		{843AD4CD-9C7E-4B62-AC29-298E55174B85}.Release|Any CPU.Build.0 = Release|Any CPU
	EndGlobalSection
	GlobalSection(SolutionProperties) = preSolution
		HideSolutionNode = FALSE
	EndGlobalSection
	GlobalSection(NestedProjects) = preSolution
		{E25B4198-E5CB-48DE-A776-7861A8668BA8} = {9B32C20D-EA2E-4C80-A56E-D15852912013}
		{67BA54C8-DD43-4B63-A617-606B726CF683} = {D2B84AB8-4A1B-4ED4-8C0F-EA56E4A9213A}
		{7FFA31B9-485A-4DE0-B65E-98FEB6D1719B} = {290BE636-79E7-462F-A98E-E8423F8744E7}
		{DC0659E9-8F88-4B8A-9FD7-93DA6040FF2C} = {7FFA31B9-485A-4DE0-B65E-98FEB6D1719B}
		{843AD4CD-9C7E-4B62-AC29-298E55174B85} = {DC0659E9-8F88-4B8A-9FD7-93DA6040FF2C}
	EndGlobalSection
	GlobalSection(ExtensibilityGlobals) = postSolution
		SolutionGuid = {FE5DF385-10E0-4E32-9835-C7E0626EE342}
	EndGlobalSection
EndGlobal
